
Microsoft Visual Studio Solution File, Format Version 12.00
# Visual Studio Version 17
VisualStudioVersion = 17.7.33920.267
MinimumVisualStudioVersion = 10.0.40219.1
Project("{FAE04EC0-301F-11D3-BF4B-00C04F79EFBC}") = "FilmesApi", "FilmesApi\FilmesApi.csproj", "{84FEE0BF-D0E0-49E8-B238-F30136728381}"
EndProject
Global
	GlobalSection(SolutionConfigurationPlatforms) = preSolution
		Debug|Any CPU = Debug|Any CPU
		Release|Any CPU = Release|Any CPU
	EndGlobalSection
	GlobalSection(ProjectConfigurationPlatforms) = postSolution
		{84FEE0BF-D0E0-49E8-B238-F30136728381}.Debug|Any CPU.ActiveCfg = Debug|Any CPU
		{84FEE0BF-D0E0-49E8-B238-F30136728381}.Debug|Any CPU.Build.0 = Debug|Any CPU
		{84FEE0BF-D0E0-49E8-B238-F30136728381}.Release|Any CPU.ActiveCfg = Release|Any CPU
		{84FEE0BF-D0E0-49E8-B238-F30136728381}.Release|Any CPU.Build.0 = Release|Any CPU
	EndGlobalSection
	GlobalSection(SolutionProperties) = preSolution
		HideSolutionNode = FALSE
	EndGlobalSection
	GlobalSection(ExtensibilityGlobals) = postSolution
		SolutionGuid = {B2650E3A-C2DB-44C1-9F8B-6CACAA86B4BC}
	EndGlobalSection
EndGlobal
